
Microsoft Visual Studio Solution File, Format Version 12.00
# Visual Studio Version 17
VisualStudioVersion = 17.4.33213.308
MinimumVisualStudioVersion = 10.0.40219.1
Project("{9A19103F-16F7-4668-BE54-9A1E7A4F7556}") = "Spg.VogiUserManagement", "Spg.VogiUserManagement\Spg.VogiUserManagement.csproj", "{099667C1-2273-47E9-A414-E116A8A834C2}"
EndProject
Project("{9A19103F-16F7-4668-BE54-9A1E7A4F7556}") = "Spg.VogiApplication", "Spg.VogiApplication\Spg.VogiApplication.csproj", "{C1233395-416A-45B5-AB1C-61299D01BF42}"
EndProject
Project("{9A19103F-16F7-4668-BE54-9A1E7A4F7556}") = "Spg.VogiDomain", "Spg.VogiDomain\Spg.VogiDomain.csproj", "{6AE6E7CD-ED2A-4EEE-82BB-48B4D872670B}"
EndProject
Project("{FAE04EC0-301F-11D3-BF4B-00C04F79EFBC}") = "Spg.VogiInfrastructure", "Spg.VogiInfrastructure\Spg.VogiInfrastructure.csproj", "{0169D6DB-36BF-4A7C-8DC2-07D35CD951EA}"
EndProject
Project("{FAE04EC0-301F-11D3-BF4B-00C04F79EFBC}") = "Spg.VogiRepository", "Spg.VogiRepository\Spg.VogiRepository.csproj", "{D099A674-37A1-4793-8078-CFD5CAAF733B}"
EndProject
Project("{FAE04EC0-301F-11D3-BF4B-00C04F79EFBC}") = "Spg.VogiApplicationTest", "Spg.VogiApplicationTest\Spg.VogiApplicationTest.csproj", "{19FD2189-ED79-464B-860A-1A8E6711AF10}"
EndProject
Project("{FAE04EC0-301F-11D3-BF4B-00C04F79EFBC}") = "Spg.VogiDomainTest", "Spg.VogiDomainTest\Spg.VogiDomainTest.csproj", "{BD4487B4-E1D5-416D-A020-7A55831CD56E}"
EndProject
Project("{FAE04EC0-301F-11D3-BF4B-00C04F79EFBC}") = "Spg.VogiInfrastructureTest", "Spg.VogiInfrastructureTest\Spg.VogiInfrastructureTest.csproj", "{F4227C80-6D7E-4827-8C47-8B206CBED4D7}"
EndProject
Project("{FAE04EC0-301F-11D3-BF4B-00C04F79EFBC}") = "Spg.VogiRepositoryTest", "Spg.VogiRepositoryTest\Spg.VogiRepositoryTest.csproj", "{30988A06-3196-4675-81D8-F591F51D4AF0}"
EndProject
Global
	GlobalSection(SolutionConfigurationPlatforms) = preSolution
		Debug|Any CPU = Debug|Any CPU
		Release|Any CPU = Release|Any CPU
	EndGlobalSection
	GlobalSection(ProjectConfigurationPlatforms) = postSolution
		{099667C1-2273-47E9-A414-E116A8A834C2}.Debug|Any CPU.ActiveCfg = Debug|Any CPU
		{099667C1-2273-47E9-A414-E116A8A834C2}.Debug|Any CPU.Build.0 = Debug|Any CPU
		{099667C1-2273-47E9-A414-E116A8A834C2}.Release|Any CPU.ActiveCfg = Release|Any CPU
		{099667C1-2273-47E9-A414-E116A8A834C2}.Release|Any CPU.Build.0 = Release|Any CPU
		{C1233395-416A-45B5-AB1C-61299D01BF42}.Debug|Any CPU.ActiveCfg = Debug|Any CPU
		{C1233395-416A-45B5-AB1C-61299D01BF42}.Debug|Any CPU.Build.0 = Debug|Any CPU
		{C1233395-416A-45B5-AB1C-61299D01BF42}.Release|Any CPU.ActiveCfg = Release|Any CPU
		{C1233395-416A-45B5-AB1C-61299D01BF42}.Release|Any CPU.Build.0 = Release|Any CPU
		{6AE6E7CD-ED2A-4EEE-82BB-48B4D872670B}.Debug|Any CPU.ActiveCfg = Debug|Any CPU
		{6AE6E7CD-ED2A-4EEE-82BB-48B4D872670B}.Debug|Any CPU.Build.0 = Debug|Any CPU
		{6AE6E7CD-ED2A-4EEE-82BB-48B4D872670B}.Release|Any CPU.ActiveCfg = Release|Any CPU
		{6AE6E7CD-ED2A-4EEE-82BB-48B4D872670B}.Release|Any CPU.Build.0 = Release|Any CPU
		{0169D6DB-36BF-4A7C-8DC2-07D35CD951EA}.Debug|Any CPU.ActiveCfg = Debug|Any CPU
		{0169D6DB-36BF-4A7C-8DC2-07D35CD951EA}.Debug|Any CPU.Build.0 = Debug|Any CPU
		{0169D6DB-36BF-4A7C-8DC2-07D35CD951EA}.Release|Any CPU.ActiveCfg = Release|Any CPU
		{0169D6DB-36BF-4A7C-8DC2-07D35CD951EA}.Release|Any CPU.Build.0 = Release|Any CPU
		{D099A674-37A1-4793-8078-CFD5CAAF733B}.Debug|Any CPU.ActiveCfg = Debug|Any CPU
		{D099A674-37A1-4793-8078-CFD5CAAF733B}.Debug|Any CPU.Build.0 = Debug|Any CPU
		{D099A674-37A1-4793-8078-CFD5CAAF733B}.Release|Any CPU.ActiveCfg = Release|Any CPU
		{D099A674-37A1-4793-8078-CFD5CAAF733B}.Release|Any CPU.Build.0 = Release|Any CPU
		{19FD2189-ED79-464B-860A-1A8E6711AF10}.Debug|Any CPU.ActiveCfg = Debug|Any CPU
		{19FD2189-ED79-464B-860A-1A8E6711AF10}.Debug|Any CPU.Build.0 = Debug|Any CPU
		{19FD2189-ED79-464B-860A-1A8E6711AF10}.Release|Any CPU.ActiveCfg = Release|Any CPU
		{19FD2189-ED79-464B-860A-1A8E6711AF10}.Release|Any CPU.Build.0 = Release|Any CPU
		{BD4487B4-E1D5-416D-A020-7A55831CD56E}.Debug|Any CPU.ActiveCfg = Debug|Any CPU
		{BD4487B4-E1D5-416D-A020-7A55831CD56E}.Debug|Any CPU.Build.0 = Debug|Any CPU
		{BD4487B4-E1D5-416D-A020-7A55831CD56E}.Release|Any CPU.ActiveCfg = Release|Any CPU
		{BD4487B4-E1D5-416D-A020-7A55831CD56E}.Release|Any CPU.Build.0 = Release|Any CPU
		{F4227C80-6D7E-4827-8C47-8B206CBED4D7}.Debug|Any CPU.ActiveCfg = Debug|Any CPU
		{F4227C80-6D7E-4827-8C47-8B206CBED4D7}.Debug|Any CPU.Build.0 = Debug|Any CPU
		{F4227C80-6D7E-4827-8C47-8B206CBED4D7}.Release|Any CPU.ActiveCfg = Release|Any CPU
		{F4227C80-6D7E-4827-8C47-8B206CBED4D7}.Release|Any CPU.Build.0 = Release|Any CPU
		{30988A06-3196-4675-81D8-F591F51D4AF0}.Debug|Any CPU.ActiveCfg = Debug|Any CPU
		{30988A06-3196-4675-81D8-F591F51D4AF0}.Debug|Any CPU.Build.0 = Debug|Any CPU
		{30988A06-3196-4675-81D8-F591F51D4AF0}.Release|Any CPU.ActiveCfg = Release|Any CPU
		{30988A06-3196-4675-81D8-F591F51D4AF0}.Release|Any CPU.Build.0 = Release|Any CPU
	EndGlobalSection
	GlobalSection(SolutionProperties) = preSolution
		HideSolutionNode = FALSE
	EndGlobalSection
	GlobalSection(ExtensibilityGlobals) = postSolution
		SolutionGuid = {757E5C23-80AD-4B76-A629-678A13D2FC62}
	EndGlobalSection
EndGlobal
